Microsoft Visual Studio Solution File, Format Version 12.00
# Visual Studio Version 17
VisualStudioVersion = 17.5.2.0
MinimumVisualStudioVersion = 10.0.40219.1
Project("{2150E333-8FDC-42A3-9474-1A3956D46DE8}") = "pos-app-backend", "pos-app-backend", "{D07DF058-BF86-DC22-9136-BD41F4CB5473}"
EndProject
Project("{FAE04EC0-301F-11D3-BF4B-00C04F79EFBC}") = "PosApi", "src/PosApp.Api/PosApi.csproj", "{79F3C58A-B9C5-9D98-A4C8-6CB562A09CB9}"
EndProject
Project("{FAE04EC0-301F-11D3-BF4B-00C04F79EFBC}") = "PosApp.Domain", "src/PosApp.Domain/PosApp.Domain.csproj", "{0B80441F-09D0-4CE6-8F16-880F5485440C}"
EndProject
Project("{FAE04EC0-301F-11D3-BF4B-00C04F79EFBC}") = "PosApp.Application", "src/PosApp.Application/PosApp.Application.csproj", "{25B1F203-6544-491F-A97C-EA25CF3483C5}"
EndProject
Project("{FAE04EC0-301F-11D3-BF4B-00C04F79EFBC}") = "PosApp.Infrastructure", "src/PosApp.Infrastructure/PosApp.Infrastructure.csproj", "{8B0E9DBF-AC81-4848-9EBF-17026BAC08CE}"
EndProject
Global
	GlobalSection(SolutionConfigurationPlatforms) = preSolution
		Debug|Any CPU = Debug|Any CPU
		Release|Any CPU = Release|Any CPU
	EndGlobalSection
	GlobalSection(ProjectConfigurationPlatforms) = postSolution
		{79F3C58A-B9C5-9D98-A4C8-6CB562A09CB9}.Debug|Any CPU.ActiveCfg = Debug|Any CPU
		{79F3C58A-B9C5-9D98-A4C8-6CB562A09CB9}.Debug|Any CPU.Build.0 = Debug|Any CPU
		{79F3C58A-B9C5-9D98-A4C8-6CB562A09CB9}.Release|Any CPU.ActiveCfg = Release|Any CPU
		{79F3C58A-B9C5-9D98-A4C8-6CB562A09CB9}.Release|Any CPU.Build.0 = Release|Any CPU
		{0B80441F-09D0-4CE6-8F16-880F5485440C}.Debug|Any CPU.ActiveCfg = Debug|Any CPU
		{0B80441F-09D0-4CE6-8F16-880F5485440C}.Debug|Any CPU.Build.0 = Debug|Any CPU
		{0B80441F-09D0-4CE6-8F16-880F5485440C}.Release|Any CPU.ActiveCfg = Release|Any CPU
		{0B80441F-09D0-4CE6-8F16-880F5485440C}.Release|Any CPU.Build.0 = Release|Any CPU
		{25B1F203-6544-491F-A97C-EA25CF3483C5}.Debug|Any CPU.ActiveCfg = Debug|Any CPU
		{25B1F203-6544-491F-A97C-EA25CF3483C5}.Debug|Any CPU.Build.0 = Debug|Any CPU
		{25B1F203-6544-491F-A97C-EA25CF3483C5}.Release|Any CPU.ActiveCfg = Release|Any CPU
		{25B1F203-6544-491F-A97C-EA25CF3483C5}.Release|Any CPU.Build.0 = Release|Any CPU
		{8B0E9DBF-AC81-4848-9EBF-17026BAC08CE}.Debug|Any CPU.ActiveCfg = Debug|Any CPU
		{8B0E9DBF-AC81-4848-9EBF-17026BAC08CE}.Debug|Any CPU.Build.0 = Debug|Any CPU
		{8B0E9DBF-AC81-4848-9EBF-17026BAC08CE}.Release|Any CPU.ActiveCfg = Release|Any CPU
		{8B0E9DBF-AC81-4848-9EBF-17026BAC08CE}.Release|Any CPU.Build.0 = Release|Any CPU
	EndGlobalSection
	GlobalSection(SolutionProperties) = preSolution
		HideSolutionNode = FALSE
	EndGlobalSection
	GlobalSection(NestedProjects) = preSolution
		{79F3C58A-B9C5-9D98-A4C8-6CB562A09CB9} = {D07DF058-BF86-DC22-9136-BD41F4CB5473}
		{0B80441F-09D0-4CE6-8F16-880F5485440C} = {D07DF058-BF86-DC22-9136-BD41F4CB5473}
		{25B1F203-6544-491F-A97C-EA25CF3483C5} = {D07DF058-BF86-DC22-9136-BD41F4CB5473}
		{8B0E9DBF-AC81-4848-9EBF-17026BAC08CE} = {D07DF058-BF86-DC22-9136-BD41F4CB5473}
	EndGlobalSection
	GlobalSection(ExtensibilityGlobals) = postSolution
		SolutionGuid = {F98164F6-8EE5-4D7D-A6F1-CA449C860C3B}
	EndGlobalSection
EndGlobal
